
Microsoft Visual Studio Solution File, Format Version 12.00
# Visual Studio Version 17
VisualStudioVersion = 17.7.34003.232
MinimumVisualStudioVersion = 10.0.40219.1
Project("{54A90642-561A-4BB1-A94E-469ADEE60C69}") = "reactapp", "reactapp\reactapp.esproj", "{F608136A-4377-4FC5-A587-CAF16EC9E21E}"
EndProject
Project("{9A19103F-16F7-4668-BE54-9A1E7A4F7556}") = "webapi", "webapi\webapi.csproj", "{192216B9-7163-4753-8BD8-94E3D20FD244}"
EndProject
Project("{9A19103F-16F7-4668-BE54-9A1E7A4F7556}") = "DAL", "DAL\DAL.csproj", "{1470C123-3DC3-4192-9850-E56C9E4CAE29}"
EndProject
Project("{9A19103F-16F7-4668-BE54-9A1E7A4F7556}") = "Contracts", "Contracts\Contracts.csproj", "{414B5524-562F-4190-BA5A-7B0F1AA4AED7}"
EndProject
Project("{9A19103F-16F7-4668-BE54-9A1E7A4F7556}") = "Entities", "Entities\Entities.csproj", "{F2CBD83F-3DA9-4F5C-A4E2-E5089D58FC71}"
EndProject
Project("{9A19103F-16F7-4668-BE54-9A1E7A4F7556}") = "Utilities", "Utilities\Utilities.csproj", "{F36D9555-F670-4EDC-B934-987B92FD9E53}"
EndProject
Project("{9A19103F-16F7-4668-BE54-9A1E7A4F7556}") = "BLL", "BLL\BLL.csproj", "{DAEA7EAB-8537-43C3-BF82-C9721435F89B}"
EndProject
Global
	GlobalSection(SolutionConfigurationPlatforms) = preSolution
		Debug|Any CPU = Debug|Any CPU
		Release|Any CPU = Release|Any CPU
	EndGlobalSection
	GlobalSection(ProjectConfigurationPlatforms) = postSolution
		{F608136A-4377-4FC5-A587-CAF16EC9E21E}.Debug|Any CPU.ActiveCfg = Debug|Any CPU
		{F608136A-4377-4FC5-A587-CAF16EC9E21E}.Debug|Any CPU.Build.0 = Debug|Any CPU
		{F608136A-4377-4FC5-A587-CAF16EC9E21E}.Debug|Any CPU.Deploy.0 = Debug|Any CPU
		{F608136A-4377-4FC5-A587-CAF16EC9E21E}.Release|Any CPU.ActiveCfg = Release|Any CPU
		{F608136A-4377-4FC5-A587-CAF16EC9E21E}.Release|Any CPU.Build.0 = Release|Any CPU
		{F608136A-4377-4FC5-A587-CAF16EC9E21E}.Release|Any CPU.Deploy.0 = Release|Any CPU
		{192216B9-7163-4753-8BD8-94E3D20FD244}.Debug|Any CPU.ActiveCfg = Debug|Any CPU
		{192216B9-7163-4753-8BD8-94E3D20FD244}.Debug|Any CPU.Build.0 = Debug|Any CPU
		{192216B9-7163-4753-8BD8-94E3D20FD244}.Release|Any CPU.ActiveCfg = Release|Any CPU
		{192216B9-7163-4753-8BD8-94E3D20FD244}.Release|Any CPU.Build.0 = Release|Any CPU
		{1470C123-3DC3-4192-9850-E56C9E4CAE29}.Debug|Any CPU.ActiveCfg = Debug|Any CPU
		{1470C123-3DC3-4192-9850-E56C9E4CAE29}.Debug|Any CPU.Build.0 = Debug|Any CPU
		{1470C123-3DC3-4192-9850-E56C9E4CAE29}.Release|Any CPU.ActiveCfg = Release|Any CPU
		{1470C123-3DC3-4192-9850-E56C9E4CAE29}.Release|Any CPU.Build.0 = Release|Any CPU
		{414B5524-562F-4190-BA5A-7B0F1AA4AED7}.Debug|Any CPU.ActiveCfg = Debug|Any CPU
		{414B5524-562F-4190-BA5A-7B0F1AA4AED7}.Debug|Any CPU.Build.0 = Debug|Any CPU
		{414B5524-562F-4190-BA5A-7B0F1AA4AED7}.Release|Any CPU.ActiveCfg = Release|Any CPU
		{414B5524-562F-4190-BA5A-7B0F1AA4AED7}.Release|Any CPU.Build.0 = Release|Any CPU
		{F2CBD83F-3DA9-4F5C-A4E2-E5089D58FC71}.Debug|Any CPU.ActiveCfg = Debug|Any CPU
		{F2CBD83F-3DA9-4F5C-A4E2-E5089D58FC71}.Debug|Any CPU.Build.0 = Debug|Any CPU
		{F2CBD83F-3DA9-4F5C-A4E2-E5089D58FC71}.Release|Any CPU.ActiveCfg = Release|Any CPU
		{F2CBD83F-3DA9-4F5C-A4E2-E5089D58FC71}.Release|Any CPU.Build.0 = Release|Any CPU
		{F36D9555-F670-4EDC-B934-987B92FD9E53}.Debug|Any CPU.ActiveCfg = Debug|Any CPU
		{F36D9555-F670-4EDC-B934-987B92FD9E53}.Debug|Any CPU.Build.0 = Debug|Any CPU
		{F36D9555-F670-4EDC-B934-987B92FD9E53}.Release|Any CPU.ActiveCfg = Release|Any CPU
		{F36D9555-F670-4EDC-B934-987B92FD9E53}.Release|Any CPU.Build.0 = Release|Any CPU
		{DAEA7EAB-8537-43C3-BF82-C9721435F89B}.Debug|Any CPU.ActiveCfg = Debug|Any CPU
		{DAEA7EAB-8537-43C3-BF82-C9721435F89B}.Debug|Any CPU.Build.0 = Debug|Any CPU
		{DAEA7EAB-8537-43C3-BF82-C9721435F89B}.Release|Any CPU.ActiveCfg = Release|Any CPU
		{DAEA7EAB-8537-43C3-BF82-C9721435F89B}.Release|Any CPU.Build.0 = Release|Any CPU
	EndGlobalSection
	GlobalSection(SolutionProperties) = preSolution
		HideSolutionNode = FALSE
	EndGlobalSection
	GlobalSection(ExtensibilityGlobals) = postSolution
		SolutionGuid = {A5B45AD1-EEBD-4ACE-9FC3-F37865E84AE1}
	EndGlobalSection
EndGlobal
